
Microsoft Visual Studio Solution File, Format Version 12.00
# Visual Studio Version 16
VisualStudioVersion = 16.0.31729.503
MinimumVisualStudioVersion = 10.0.40219.1
Project("{FAE04EC0-301F-11D3-BF4B-00C04F79EFBC}") = "Linkedlist_Example_2", "Linkedlist_Example_2\Linkedlist_Example_2.csproj", "{A836DD0F-89B1-4E98-8235-430E4112F7A6}"
EndProject
Global
	GlobalSection(SolutionConfigurationPlatforms) = preSolution
		Debug|Any CPU = Debug|Any CPU
		Release|Any CPU = Release|Any CPU
	EndGlobalSection
	GlobalSection(ProjectConfigurationPlatforms) = postSolution
		{A836DD0F-89B1-4E98-8235-430E4112F7A6}.Debug|Any CPU.ActiveCfg = Debug|Any CPU
		{A836DD0F-89B1-4E98-8235-430E4112F7A6}.Debug|Any CPU.Build.0 = Debug|Any CPU
		{A836DD0F-89B1-4E98-8235-430E4112F7A6}.Release|Any CPU.ActiveCfg = Release|Any CPU
		{A836DD0F-89B1-4E98-8235-430E4112F7A6}.Release|Any CPU.Build.0 = Release|Any CPU
	EndGlobalSection
	GlobalSection(SolutionProperties) = preSolution
		HideSolutionNode = FALSE
	EndGlobalSection
	GlobalSection(ExtensibilityGlobals) = postSolution
		SolutionGuid = {78FC0DF6-4F99-4ABE-B6A9-D4751A3BB463}
	EndGlobalSection
EndGlobal
